github.com/go-errors/errors v1.5.1 h1:ZwEMSLRCapFLflTpT7NKaAc7ukJ8ZPEjzlxt8rPN8bk=
github.com/go-errors/errors v1.5.1/go.mod h1:sIVyrIiJhuEF+Pj9Ebtd6P/rEYROXFi3BopGUQ5a5Og=
github.com/jgolang/errors v0.1.0 h1:gqYRmCbZUz+Qs1V/OSyH4nRptrb3TU+Vj+kclXnqZ3A=
github.com/jgolang/errors v0.1.0/go.mod h1:HMFh/3IIKILAnWj00X771oGK6Nk3C7Sf0yZYimo9HJg=
github.com/jgolang/errors v0.1.1 h1:o9s1ZNvlSsp50lkNA0M3XTSsoIGxRuZkKZ0r9aQNB9o=
github.com/jgolang/errors v0.1.1/go.mod h1:HMFh/3IIKILAnWj00X771oGK6Nk3C7Sf0yZYimo9HJg=
github.com/jgolang/errors v0.1.2 h1:klDAR3r8clPrpF53D151wEeKTDYcUwFnRgtU6Setj8E=
github.com/jgolang/errors v0.1.2/go.mod h1:HMFh/3IIKILAnWj00X771oGK6Nk3C7Sf0yZYimo9HJg=
